
Microsoft Visual Studio Solution File, Format Version 12.00
# Visual Studio Version 16
VisualStudioVersion = 16.0.32510.428
MinimumVisualStudioVersion = 10.0.40219.1
Project("{9A19103F-16F7-4668-BE54-9A1E7A4F7556}") = "Shopbridge.Framework", "Shopbridge.Framework\Shopbridge.Framework.csproj", "{8A1481C2-9BF4-4F6C-89C9-D936A0E761C0}"
EndProject
Project("{9A19103F-16F7-4668-BE54-9A1E7A4F7556}") = "Shopbridge.Inventory.Api", "Shopbridge.Inventory.Api\Shopbridge.Inventory.Api.csproj", "{945500E2-90DA-4988-8C2C-6F86E1A9B14A}"
EndProject
Global
	GlobalSection(SolutionConfigurationPlatforms) = preSolution
		Debug|Any CPU = Debug|Any CPU
		Release|Any CPU = Release|Any CPU
	EndGlobalSection
	GlobalSection(ProjectConfigurationPlatforms) = postSolution
		{8A1481C2-9BF4-4F6C-89C9-D936A0E761C0}.Debug|Any CPU.ActiveCfg = Debug|Any CPU
		{8A1481C2-9BF4-4F6C-89C9-D936A0E761C0}.Debug|Any CPU.Build.0 = Debug|Any CPU
		{8A1481C2-9BF4-4F6C-89C9-D936A0E761C0}.Release|Any CPU.ActiveCfg = Release|Any CPU
		{8A1481C2-9BF4-4F6C-89C9-D936A0E761C0}.Release|Any CPU.Build.0 = Release|Any CPU
		{945500E2-90DA-4988-8C2C-6F86E1A9B14A}.Debug|Any CPU.ActiveCfg = Debug|Any CPU
		{945500E2-90DA-4988-8C2C-6F86E1A9B14A}.Debug|Any CPU.Build.0 = Debug|Any CPU
		{945500E2-90DA-4988-8C2C-6F86E1A9B14A}.Release|Any CPU.ActiveCfg = Release|Any CPU
		{945500E2-90DA-4988-8C2C-6F86E1A9B14A}.Release|Any CPU.Build.0 = Release|Any CPU
	EndGlobalSection
	GlobalSection(SolutionProperties) = preSolution
		HideSolutionNode = FALSE
	EndGlobalSection
	GlobalSection(ExtensibilityGlobals) = postSolution
		SolutionGuid = {6497E007-6574-451F-A081-13F1B9FA3533}
	EndGlobalSection
EndGlobal
